// !$*UTF8*$!
{
	archiveVersion = 1;
	classes = {
	};
	objectVersion = 50;
	objects = {

/* Begin PBXBuildFile section */
		D906948F244478650022BE8E /* AppDelegate.swift in Sources */ = {isa = PBXBuildFile; fileRef = D906948E244478650022BE8E /* AppDelegate.swift */; };
		D9069491244478650022BE8E /* SceneDelegate.swift in Sources */ = {isa = PBXBuildFile; fileRef = D9069490244478650022BE8E /* SceneDelegate.swift */; };
		D9069498244478670022BE8E /* Assets.xcassets in Resources */ = {isa = PBXBuildFile; fileRef = D9069497244478670022BE8E /* Assets.xcassets */; };
		D906949B244478670022BE8E /* LaunchScreen.storyboard in Resources */ = {isa = PBXBuildFile; fileRef = D9069499244478670022BE8E /* LaunchScreen.storyboard */; };
		D90C33DA2448057800A11397 /* SearchVC.swift in Sources */ = {isa = PBXBuildFile; fileRef = D90C33D92448057800A11397 /* SearchVC.swift */; };
		D90C33DC244805BF00A11397 /* FavoritesListVC.swift in Sources */ = {isa = PBXBuildFile; fileRef = D90C33DB244805BF00A11397 /* FavoritesListVC.swift */; };
		D90C33E624480A0200A11397 /* PATabBarController.swift in Sources */ = {isa = PBXBuildFile; fileRef = D90C33E524480A0100A11397 /* PATabBarController.swift */; };
		D90C33E92448974E00A11397 /* PAButton.swift in Sources */ = {isa = PBXBuildFile; fileRef = D90C33E82448974E00A11397 /* PAButton.swift */; };
		D9154E122449E39900F900A1 /* PATitleLabel.swift in Sources */ = {isa = PBXBuildFile; fileRef = D9154E112449E39900F900A1 /* PATitleLabel.swift */; };
		D9154E142449E5BD00F900A1 /* PABodyLabel.swift in Sources */ = {isa = PBXBuildFile; fileRef = D9154E132449E5BD00F900A1 /* PABodyLabel.swift */; };
		D9154E192449E7C500F900A1 /* PAAlertContainerView.swift in Sources */ = {isa = PBXBuildFile; fileRef = D9154E182449E7C500F900A1 /* PAAlertContainerView.swift */; };
		D9154E1C2449E8FA00F900A1 /* PAAlertVC.swift in Sources */ = {isa = PBXBuildFile; fileRef = D9154E1B2449E8FA00F900A1 /* PAAlertVC.swift */; };
		D9154E1E2449F95A00F900A1 /* UIVC+Alert.swift in Sources */ = {isa = PBXBuildFile; fileRef = D9154E1D2449F95A00F900A1 /* UIVC+Alert.swift */; };
		D9219DA7244D5979001AA3CB /* MovieScreenVC.swift in Sources */ = {isa = PBXBuildFile; fileRef = D9219DA6244D5979001AA3CB /* MovieScreenVC.swift */; };
		D9219DAC244EA485001AA3CB /* PersistenceManager.swift in Sources */ = {isa = PBXBuildFile; fileRef = D9219DAB244EA485001AA3CB /* PersistenceManager.swift */; };
		D9219DB0244EA620001AA3CB /* PAError.swift in Sources */ = {isa = PBXBuildFile; fileRef = D9219DAF244EA620001AA3CB /* PAError.swift */; };
		D9219DB2244EACBB001AA3CB /* FavoritedMovie.swift in Sources */ = {isa = PBXBuildFile; fileRef = D9219DB1244EACBB001AA3CB /* FavoritedMovie.swift */; };
		D9219DB4244EC419001AA3CB /* UITableView+RemoveCells.swift in Sources */ = {isa = PBXBuildFile; fileRef = D9219DB3244EC419001AA3CB /* UITableView+RemoveCells.swift */; };
		D974F9332462B05300D1145A /* PAColors.swift in Sources */ = {isa = PBXBuildFile; fileRef = D974F9322462B05300D1145A /* PAColors.swift */; };
		D974F9372467E27600D1145A /* Pelicula UI Design.png in Resources */ = {isa = PBXBuildFile; fileRef = D974F9362467E27600D1145A /* Pelicula UI Design.png */; };
		D9839D2C24511FE500B10493 /* FavoriteCell.swift in Sources */ = {isa = PBXBuildFile; fileRef = D9839D2B24511FE500B10493 /* FavoriteCell.swift */; };
		D9839D2F245120C500B10493 /* PAPosterImageView.swift in Sources */ = {isa = PBXBuildFile; fileRef = D9839D2E245120C500B10493 /* PAPosterImageView.swift */; };
		D9839D312452CD3000B10493 /* Constants.swift in Sources */ = {isa = PBXBuildFile; fileRef = D9839D302452CD3000B10493 /* Constants.swift */; };
		D9839D332452D0A200B10493 /* PAEmptyStateView.swift in Sources */ = {isa = PBXBuildFile; fileRef = D9839D322452D0A200B10493 /* PAEmptyStateView.swift */; };
		D9839D3F2456BB5400B10493 /* Credits.swift in Sources */ = {isa = PBXBuildFile; fileRef = D9839D3E2456BB5400B10493 /* Credits.swift */; };
		D9839D412456BD0A00B10493 /* PACarouselFlowLayout.swift in Sources */ = {isa = PBXBuildFile; fileRef = D9839D402456BD0A00B10493 /* PACarouselFlowLayout.swift */; };
		D9839D432456BDEB00B10493 /* CastCustomCell.swift in Sources */ = {isa = PBXBuildFile; fileRef = D9839D422456BDEB00B10493 /* CastCustomCell.swift */; };
		D9839D47245906F000B10493 /* ReusableMovieVC.swift in Sources */ = {isa = PBXBuildFile; fileRef = D9839D46245906F000B10493 /* ReusableMovieVC.swift */; };
		D9839D49245976D700B10493 /* UIVC+LoadingView.swift in Sources */ = {isa = PBXBuildFile; fileRef = D9839D48245976D700B10493 /* UIVC+LoadingView.swift */; };
		D9839D4B24598FC100B10493 /* UIVC+EmptyStateView.swift in Sources */ = {isa = PBXBuildFile; fileRef = D9839D4A24598FC100B10493 /* UIVC+EmptyStateView.swift */; };
		D9839D4D245D6C2400B10493 /* MovieCategory.swift in Sources */ = {isa = PBXBuildFile; fileRef = D9839D4C245D6C2400B10493 /* MovieCategory.swift */; };
		D9F9FA46244484A200C3D509 /* NetworkManager.swift in Sources */ = {isa = PBXBuildFile; fileRef = D9F9FA45244484A200C3D509 /* NetworkManager.swift */; };
		D9F9FA48244484E100C3D509 /* Movie.swift in Sources */ = {isa = PBXBuildFile; fileRef = D9F9FA47244484E100C3D509 /* Movie.swift */; };
		D9F9FA4A2444853D00C3D509 /* URLSession+DataTask.swift in Sources */ = {isa = PBXBuildFile; fileRef = D9F9FA492444853D00C3D509 /* URLSession+DataTask.swift */; };
		D9F9FA6E2445C38A00C3D509 /* MovieCell.swift in Sources */ = {isa = PBXBuildFile; fileRef = D9F9FA6D2445C38A00C3D509 /* MovieCell.swift */; };
		D9F9FA71244694D900C3D509 /* UIView+PinToEdge.swift in Sources */ = {isa = PBXBuildFile; fileRef = D9F9FA70244694D900C3D509 /* UIView+PinToEdge.swift */; };
		D9F9FA742447071600C3D509 /* UIImageView+URL.swift in Sources */ = {isa = PBXBuildFile; fileRef = D9F9FA732447071600C3D509 /* UIImageView+URL.swift */; };
/* End PBXBuildFile section */

/* Begin PBXFileReference section */
		D906948B244478650022BE8E /* PeliculaApp.app */ = {isa = PBXFileReference; explicitFileType = wrapper.application; includeInIndex = 0; path = PeliculaApp.app; sourceTree = BUILT_PRODUCTS_DIR; };
		D906948E244478650022BE8E /* AppDelegate.swift */ = {isa = PBXFileReference; lastKnownFileType = sourcecode.swift; path = AppDelegate.swift; sourceTree = "<group>"; };
		D9069490244478650022BE8E /* SceneDelegate.swift */ = {isa = PBXFileReference; lastKnownFileType = sourcecode.swift; path = SceneDelegate.swift; sourceTree = "<group>"; };
		D9069497244478670022BE8E /* Assets.xcassets */ = {isa = PBXFileReference; lastKnownFileType = folder.assetcatalog; path = Assets.xcassets; sourceTree = "<group>"; };
		D906949A244478670022BE8E /* Base */ = {isa = PBXFileReference; lastKnownFileType = file.storyboard; name = Base; path = Base.lproj/LaunchScreen.storyboard; sourceTree = "<group>"; };
		D906949C244478670022BE8E /* Info.plist */ = {isa = PBXFileReference; lastKnownFileType = text.plist.xml; path = Info.plist; sourceTree = "<group>"; };
		D90C33D92448057800A11397 /* SearchVC.swift */ = {isa = PBXFileReference; lastKnownFileType = sourcecode.swift; path = SearchVC.swift; sourceTree = "<group>"; };
		D90C33DB244805BF00A11397 /* FavoritesListVC.swift */ = {isa = PBXFileReference; lastKnownFileType = sourcecode.swift; path = FavoritesListVC.swift; sourceTree = "<group>"; };
		D90C33E524480A0100A11397 /* PATabBarController.swift */ = {isa = PBXFileReference; lastKnownFileType = sourcecode.swift; path = PATabBarController.swift; sourceTree = "<group>"; };
		D90C33E82448974E00A11397 /* PAButton.swift */ = {isa = PBXFileReference; lastKnownFileType = sourcecode.swift; path = PAButton.swift; sourceTree = "<group>"; };
		D9154E112449E39900F900A1 /* PATitleLabel.swift */ = {isa = PBXFileReference; lastKnownFileType = sourcecode.swift; path = PATitleLabel.swift; sourceTree = "<group>"; };
		D9154E132449E5BD00F900A1 /* PABodyLabel.swift */ = {isa = PBXFileReference; lastKnownFileType = sourcecode.swift; path = PABodyLabel.swift; sourceTree = "<group>"; };
		D9154E182449E7C500F900A1 /* PAAlertContainerView.swift */ = {isa = PBXFileReference; lastKnownFileType = sourcecode.swift; path = PAAlertContainerView.swift; sourceTree = "<group>"; };
		D9154E1B2449E8FA00F900A1 /* PAAlertVC.swift */ = {isa = PBXFileReference; lastKnownFileType = sourcecode.swift; path = PAAlertVC.swift; sourceTree = "<group>"; };
		D9154E1D2449F95A00F900A1 /* UIVC+Alert.swift */ = {isa = PBXFileReference; lastKnownFileType = sourcecode.swift; path = "UIVC+Alert.swift"; sourceTree = "<group>"; };
		D9219DA6244D5979001AA3CB /* MovieScreenVC.swift */ = {isa = PBXFileReference; lastKnownFileType = sourcecode.swift; path = MovieScreenVC.swift; sourceTree = "<group>"; };
		D9219DAB244EA485001AA3CB /* PersistenceManager.swift */ = {isa = PBXFileReference; lastKnownFileType = sourcecode.swift; path = PersistenceManager.swift; sourceTree = "<group>"; };
		D9219DAF244EA620001AA3CB /* PAError.swift */ = {isa = PBXFileReference; lastKnownFileType = sourcecode.swift; path = PAError.swift; sourceTree = "<group>"; };
		D9219DB1244EACBB001AA3CB /* FavoritedMovie.swift */ = {isa = PBXFileReference; lastKnownFileType = sourcecode.swift; path = FavoritedMovie.swift; sourceTree = "<group>"; };
		D9219DB3244EC419001AA3CB /* UITableView+RemoveCells.swift */ = {isa = PBXFileReference; lastKnownFileType = sourcecode.swift; path = "UITableView+RemoveCells.swift"; sourceTree = "<group>"; };
		D974F9322462B05300D1145A /* PAColors.swift */ = {isa = PBXFileReference; lastKnownFileType = sourcecode.swift; path = PAColors.swift; sourceTree = "<group>"; };
		D974F9362467E27600D1145A /* Pelicula UI Design.png */ = {isa = PBXFileReference; lastKnownFileType = image.png; path = "Pelicula UI Design.png"; sourceTree = "<group>"; };
		D9839D2B24511FE500B10493 /* FavoriteCell.swift */ = {isa = PBXFileReference; lastKnownFileType = sourcecode.swift; path = FavoriteCell.swift; sourceTree = "<group>"; };
		D9839D2E245120C500B10493 /* PAPosterImageView.swift */ = {isa = PBXFileReference; lastKnownFileType = sourcecode.swift; path = PAPosterImageView.swift; sourceTree = "<group>"; };
		D9839D302452CD3000B10493 /* Constants.swift */ = {isa = PBXFileReference; lastKnownFileType = sourcecode.swift; path = Constants.swift; sourceTree = "<group>"; };
		D9839D322452D0A200B10493 /* PAEmptyStateView.swift */ = {isa = PBXFileReference; lastKnownFileType = sourcecode.swift; path = PAEmptyStateView.swift; sourceTree = "<group>"; };
		D9839D3E2456BB5400B10493 /* Credits.swift */ = {isa = PBXFileReference; lastKnownFileType = sourcecode.swift; path = Credits.swift; sourceTree = "<group>"; };
		D9839D402456BD0A00B10493 /* PACarouselFlowLayout.swift */ = {isa = PBXFileReference; lastKnownFileType = sourcecode.swift; path = PACarouselFlowLayout.swift; sourceTree = "<group>"; };
		D9839D422456BDEB00B10493 /* CastCustomCell.swift */ = {isa = PBXFileReference; lastKnownFileType = sourcecode.swift; path = CastCustomCell.swift; sourceTree = "<group>"; };
		D9839D46245906F000B10493 /* ReusableMovieVC.swift */ = {isa = PBXFileReference; lastKnownFileType = sourcecode.swift; path = ReusableMovieVC.swift; sourceTree = "<group>"; };
		D9839D48245976D700B10493 /* UIVC+LoadingView.swift */ = {isa = PBXFileReference; lastKnownFileType = sourcecode.swift; path = "UIVC+LoadingView.swift"; sourceTree = "<group>"; };
		D9839D4A24598FC100B10493 /* UIVC+EmptyStateView.swift */ = {isa = PBXFileReference; lastKnownFileType = sourcecode.swift; path = "UIVC+EmptyStateView.swift"; sourceTree = "<group>"; };
		D9839D4C245D6C2400B10493 /* MovieCategory.swift */ = {isa = PBXFileReference; lastKnownFileType = sourcecode.swift; path = MovieCategory.swift; sourceTree = "<group>"; };
		D9F9FA45244484A200C3D509 /* NetworkManager.swift */ = {isa = PBXFileReference; lastKnownFileType = sourcecode.swift; path = NetworkManager.swift; sourceTree = "<group>"; };
		D9F9FA47244484E100C3D509 /* Movie.swift */ = {isa = PBXFileReference; lastKnownFileType = sourcecode.swift; path = Movie.swift; sourceTree = "<group>"; };
		D9F9FA492444853D00C3D509 /* URLSession+DataTask.swift */ = {isa = PBXFileReference; lastKnownFileType = sourcecode.swift; path = "URLSession+DataTask.swift"; sourceTree = "<group>"; };
		D9F9FA6D2445C38A00C3D509 /* MovieCell.swift */ = {isa = PBXFileReference; lastKnownFileType = sourcecode.swift; path = MovieCell.swift; sourceTree = "<group>"; };
		D9F9FA70244694D900C3D509 /* UIView+PinToEdge.swift */ = {isa = PBXFileReference; lastKnownFileType = sourcecode.swift; path = "UIView+PinToEdge.swift"; sourceTree = "<group>"; };
		D9F9FA732447071600C3D509 /* UIImageView+URL.swift */ = {isa = PBXFileReference; lastKnownFileType = sourcecode.swift; path = "UIImageView+URL.swift"; sourceTree = "<group>"; };
/* End PBXFileReference section */

/* Begin PBXFrameworksBuildPhase section */
		D9069488244478650022BE8E /* Frameworks */ = {
			isa = PBXFrameworksBuildPhase;
			buildActionMask = 2147483647;
			files = (
			);
			runOnlyForDeploymentPostprocessing = 0;
		};
/* End PBXFrameworksBuildPhase section */

/* Begin PBXGroup section */
		D9069482244478650022BE8E = {
			isa = PBXGroup;
			children = (
				D906948D244478650022BE8E /* PeliculaApp */,
				D906949C244478670022BE8E /* Info.plist */,
				D906948C244478650022BE8E /* Products */,
			);
			sourceTree = "<group>";
		};
		D906948C244478650022BE8E /* Products */ = {
			isa = PBXGroup;
			children = (
				D906948B244478650022BE8E /* PeliculaApp.app */,
			);
			name = Products;
			sourceTree = "<group>";
		};
		D906948D244478650022BE8E /* PeliculaApp */ = {
			isa = PBXGroup;
			children = (
				D90C33DD2448063300A11397 /* Screens */,
				D90C33DF2448073900A11397 /* Custom Views */,
				D90C33E2244807C300A11397 /* Model */,
				D90C33E12448077600A11397 /* Managers */,
				D9F9FA6F244693BF00C3D509 /* Extension */,
				D90C33E32448083A00A11397 /* Support */,
				D9219DAE244EA5E8001AA3CB /* Utilities */,
				D974F9352467E20500D1145A /* Images */,
			);
			path = PeliculaApp;
			sourceTree = "<group>";
		};
		D90C33DD2448063300A11397 /* Screens */ = {
			isa = PBXGroup;
			children = (
				D90C33D92448057800A11397 /* SearchVC.swift */,
				D90C33DB244805BF00A11397 /* FavoritesListVC.swift */,
				D9839D46245906F000B10493 /* ReusableMovieVC.swift */,
				D9219DA6244D5979001AA3CB /* MovieScreenVC.swift */,
			);
			path = Screens;
			sourceTree = "<group>";
		};
		D90C33DF2448073900A11397 /* Custom Views */ = {
			isa = PBXGroup;
			children = (
				D9839D2D2451208A00B10493 /* ImageViews */,
				D9154E1A2449E8CF00F900A1 /* ViewControllers */,
				D9154E172449E79500F900A1 /* Views */,
				D9154E102449E36F00F900A1 /* Labels */,
				D90C33E72448971500A11397 /* Buttons */,
				D90C33E42448098400A11397 /* TabBarController */,
				D90C33E02448074F00A11397 /* Cells */,
			);
			path = "Custom Views";
			sourceTree = "<group>";
		};
		D90C33E02448074F00A11397 /* Cells */ = {
			isa = PBXGroup;
			children = (
				D9F9FA6D2445C38A00C3D509 /* MovieCell.swift */,
				D9839D2B24511FE500B10493 /* FavoriteCell.swift */,
				D9839D422456BDEB00B10493 /* CastCustomCell.swift */,
			);
			path = Cells;
			sourceTree = "<group>";
		};
		D90C33E12448077600A11397 /* Managers */ = {
			isa = PBXGroup;
			children = (
				D9F9FA45244484A200C3D509 /* NetworkManager.swift */,
				D9219DAB244EA485001AA3CB /* PersistenceManager.swift */,
			);
			path = Managers;
			sourceTree = "<group>";
		};
		D90C33E2244807C300A11397 /* Model */ = {
			isa = PBXGroup;
			children = (
				D9F9FA47244484E100C3D509 /* Movie.swift */,
				D9219DB1244EACBB001AA3CB /* FavoritedMovie.swift */,
				D9839D3E2456BB5400B10493 /* Credits.swift */,
				D9839D4C245D6C2400B10493 /* MovieCategory.swift */,
			);
			path = Model;
			sourceTree = "<group>";
		};
		D90C33E32448083A00A11397 /* Support */ = {
			isa = PBXGroup;
			children = (
				D906948E244478650022BE8E /* AppDelegate.swift */,
				D9069490244478650022BE8E /* SceneDelegate.swift */,
				D9069499244478670022BE8E /* LaunchScreen.storyboard */,
				D9069497244478670022BE8E /* Assets.xcassets */,
			);
			path = Support;
			sourceTree = "<group>";
		};
		D90C33E42448098400A11397 /* TabBarController */ = {
			isa = PBXGroup;
			children = (
				D90C33E524480A0100A11397 /* PATabBarController.swift */,
			);
			path = TabBarController;
			sourceTree = "<group>";
		};
		D90C33E72448971500A11397 /* Buttons */ = {
			isa = PBXGroup;
			children = (
				D90C33E82448974E00A11397 /* PAButton.swift */,
			);
			path = Buttons;
			sourceTree = "<group>";
		};
		D9154E102449E36F00F900A1 /* Labels */ = {
			isa = PBXGroup;
			children = (
				D9154E112449E39900F900A1 /* PATitleLabel.swift */,
				D9154E132449E5BD00F900A1 /* PABodyLabel.swift */,
			);
			path = Labels;
			sourceTree = "<group>";
		};
		D9154E172449E79500F900A1 /* Views */ = {
			isa = PBXGroup;
			children = (
				D9154E182449E7C500F900A1 /* PAAlertContainerView.swift */,
				D9839D322452D0A200B10493 /* PAEmptyStateView.swift */,
			);
			path = Views;
			sourceTree = "<group>";
		};
		D9154E1A2449E8CF00F900A1 /* ViewControllers */ = {
			isa = PBXGroup;
			children = (
				D9154E1B2449E8FA00F900A1 /* PAAlertVC.swift */,
			);
			path = ViewControllers;
			sourceTree = "<group>";
		};
		D9219DAE244EA5E8001AA3CB /* Utilities */ = {
			isa = PBXGroup;
			children = (
				D9219DAF244EA620001AA3CB /* PAError.swift */,
				D974F9322462B05300D1145A /* PAColors.swift */,
				D9839D302452CD3000B10493 /* Constants.swift */,
				D9839D402456BD0A00B10493 /* PACarouselFlowLayout.swift */,
			);
			path = Utilities;
			sourceTree = "<group>";
		};
		D974F9352467E20500D1145A /* Images */ = {
			isa = PBXGroup;
			children = (
				D974F9362467E27600D1145A /* Pelicula UI Design.png */,
			);
			path = Images;
			sourceTree = "<group>";
		};
		D9839D2D2451208A00B10493 /* ImageViews */ = {
			isa = PBXGroup;
			children = (
				D9839D2E245120C500B10493 /* PAPosterImageView.swift */,
			);
			path = ImageViews;
			sourceTree = "<group>";
		};
		D9F9FA6F244693BF00C3D509 /* Extension */ = {
			isa = PBXGroup;
			children = (
				D9F9FA492444853D00C3D509 /* URLSession+DataTask.swift */,
				D9F9FA70244694D900C3D509 /* UIView+PinToEdge.swift */,
				D9F9FA732447071600C3D509 /* UIImageView+URL.swift */,
				D9219DB3244EC419001AA3CB /* UITableView+RemoveCells.swift */,
				D9154E1D2449F95A00F900A1 /* UIVC+Alert.swift */,
				D9839D48245976D700B10493 /* UIVC+LoadingView.swift */,
				D9839D4A24598FC100B10493 /* UIVC+EmptyStateView.swift */,
			);
			path = Extension;
			sourceTree = "<group>";
		};
/* End PBXGroup section */

/* Begin PBXNativeTarget section */
		D906948A244478650022BE8E /* PeliculaApp */ = {
			isa = PBXNativeTarget;
			buildConfigurationList = D906949F244478670022BE8E /* Build configuration list for PBXNativeTarget "PeliculaApp" */;
			buildPhases = (
				D9069487244478650022BE8E /* Sources */,
				D9069488244478650022BE8E /* Frameworks */,
				D9069489244478650022BE8E /* Resources */,
			);
			buildRules = (
			);
			dependencies = (
			);
			name = PeliculaApp;
			productName = PeliculaApp;
			productReference = D906948B244478650022BE8E /* PeliculaApp.app */;
			productType = "com.apple.product-type.application";
		};
/* End PBXNativeTarget section */

/* Begin PBXProject section */
		D9069483244478650022BE8E /* Project object */ = {
			isa = PBXProject;
			attributes = {
				LastSwiftUpdateCheck = 1130;
				LastUpgradeCheck = 1130;
				ORGANIZATIONNAME = Surf;
				TargetAttributes = {
					D906948A244478650022BE8E = {
						CreatedOnToolsVersion = 11.3.1;
					};
				};
			};
			buildConfigurationList = D9069486244478650022BE8E /* Build configuration list for PBXProject "PeliculaApp" */;
			compatibilityVersion = "Xcode 9.3";
			developmentRegion = en;
			hasScannedForEncodings = 0;
			knownRegions = (
				en,
				Base,
			);
			mainGroup = D9069482244478650022BE8E;
			productRefGroup = D906948C244478650022BE8E /* Products */;
			projectDirPath = "";
			projectRoot = "";
			targets = (
				D906948A244478650022BE8E /* PeliculaApp */,
			);
		};
/* End PBXProject section */

/* Begin PBXResourcesBuildPhase section */
		D9069489244478650022BE8E /* Resources */ = {
			isa = PBXResourcesBuildPhase;
			buildActionMask = 2147483647;
			files = (
				D974F9372467E27600D1145A /* Pelicula UI Design.png in Resources */,
				D906949B244478670022BE8E /* LaunchScreen.storyboard in Resources */,
				D9069498244478670022BE8E /* Assets.xcassets in Resources */,
			);
			runOnlyForDeploymentPostprocessing = 0;
		};
/* End PBXResourcesBuildPhase section */

/* Begin PBXSourcesBuildPhase section */
		D9069487244478650022BE8E /* Sources */ = {
			isa = PBXSourcesBuildPhase;
			buildActionMask = 2147483647;
			files = (
				D9839D47245906F000B10493 /* ReusableMovieVC.swift in Sources */,
				D9219DAC244EA485001AA3CB /* PersistenceManager.swift in Sources */,
				D9839D4D245D6C2400B10493 /* MovieCategory.swift in Sources */,
				D9F9FA71244694D900C3D509 /* UIView+PinToEdge.swift in Sources */,
				D9839D4B24598FC100B10493 /* UIVC+EmptyStateView.swift in Sources */,
				D90C33DC244805BF00A11397 /* FavoritesListVC.swift in Sources */,
				D9839D2F245120C500B10493 /* PAPosterImageView.swift in Sources */,
				D9F9FA6E2445C38A00C3D509 /* MovieCell.swift in Sources */,
				D9154E1E2449F95A00F900A1 /* UIVC+Alert.swift in Sources */,
				D9F9FA46244484A200C3D509 /* NetworkManager.swift in Sources */,
				D974F9332462B05300D1145A /* PAColors.swift in Sources */,
				D9839D432456BDEB00B10493 /* CastCustomCell.swift in Sources */,
				D9219DB0244EA620001AA3CB /* PAError.swift in Sources */,
				D9839D312452CD3000B10493 /* Constants.swift in Sources */,
				D9839D412456BD0A00B10493 /* PACarouselFlowLayout.swift in Sources */,
				D9219DB2244EACBB001AA3CB /* FavoritedMovie.swift in Sources */,
				D9839D332452D0A200B10493 /* PAEmptyStateView.swift in Sources */,
				D9219DA7244D5979001AA3CB /* MovieScreenVC.swift in Sources */,
				D90C33E92448974E00A11397 /* PAButton.swift in Sources */,
				D9839D3F2456BB5400B10493 /* Credits.swift in Sources */,
				D9F9FA742447071600C3D509 /* UIImageView+URL.swift in Sources */,
				D9154E1C2449E8FA00F900A1 /* PAAlertVC.swift in Sources */,
				D906948F244478650022BE8E /* AppDelegate.swift in Sources */,
				D90C33DA2448057800A11397 /* SearchVC.swift in Sources */,
				D9154E142449E5BD00F900A1 /* PABodyLabel.swift in Sources */,
				D9154E192449E7C500F900A1 /* PAAlertContainerView.swift in Sources */,
				D9154E122449E39900F900A1 /* PATitleLabel.swift in Sources */,
				D90C33E624480A0200A11397 /* PATabBarController.swift in Sources */,
				D9069491244478650022BE8E /* SceneDelegate.swift in Sources */,
				D9839D2C24511FE500B10493 /* FavoriteCell.swift in Sources */,
				D9F9FA4A2444853D00C3D509 /* URLSession+DataTask.swift in Sources */,
				D9219DB4244EC419001AA3CB /* UITableView+RemoveCells.swift in Sources */,
				D9F9FA48244484E100C3D509 /* Movie.swift in Sources */,
				D9839D49245976D700B10493 /* UIVC+LoadingView.swift in Sources */,
			);
			runOnlyForDeploymentPostprocessing = 0;
		};
/* End PBXSourcesBuildPhase section */

/* Begin PBXVariantGroup section */
		D9069499244478670022BE8E /* LaunchScreen.storyboard */ = {
			isa = PBXVariantGroup;
			children = (
				D906949A244478670022BE8E /* Base */,
			);
			name = LaunchScreen.storyboard;
			sourceTree = "<group>";
		};
/* End PBXVariantGroup section */

/* Begin XCBuildConfiguration section */
		D906949D244478670022BE8E /* Debug */ = {
			isa = XCBuildConfiguration;
			buildSettings = {
				ALWAYS_SEARCH_USER_PATHS = NO;
				CLANG_ANALYZER_NONNULL = YES;
				CLANG_ANALYZER_NUMBER_OBJECT_CONVERSION = YES_AGGRESSIVE;
				CLANG_CXX_LANGUAGE_STANDARD = "gnu++14";
				CLANG_CXX_LIBRARY = "libc++";
				CLANG_ENABLE_MODULES = YES;
				CLANG_ENABLE_OBJC_ARC = YES;
				CLANG_ENABLE_OBJC_WEAK = YES;
				CLANG_WARN_BLOCK_CAPTURE_AUTORELEASING = YES;
				CLANG_WARN_BOOL_CONVERSION = YES;
				CLANG_WARN_COMMA = YES;
				CLANG_WARN_CONSTANT_CONVERSION = YES;
				CLANG_WARN_DEPRECATED_OBJC_IMPLEMENTATIONS = YES;
				CLANG_WARN_DIRECT_OBJC_ISA_USAGE = YES_ERROR;
				CLANG_WARN_DOCUMENTATION_COMMENTS = YES;
				CLANG_WARN_EMPTY_BODY = YES;
				CLANG_WARN_ENUM_CONVERSION = YES;
				CLANG_WARN_INFINITE_RECURSION = YES;
				CLANG_WARN_INT_CONVERSION = YES;
				CLANG_WARN_NON_LITERAL_NULL_CONVERSION = YES;
				CLANG_WARN_OBJC_IMPLICIT_RETAIN_SELF = YES;
				CLANG_WARN_OBJC_LITERAL_CONVERSION = YES;
				CLANG_WARN_OBJC_ROOT_CLASS = YES_ERROR;
				CLANG_WARN_RANGE_LOOP_ANALYSIS = YES;
				CLANG_WARN_STRICT_PROTOTYPES = YES;
				CLANG_WARN_SUSPICIOUS_MOVE = YES;
				CLANG_WARN_UNGUARDED_AVAILABILITY = YES_AGGRESSIVE;
				CLANG_WARN_UNREACHABLE_CODE = YES;
				CLANG_WARN__DUPLICATE_METHOD_MATCH = YES;
				COPY_PHASE_STRIP = NO;
				DEBUG_INFORMATION_FORMAT = dwarf;
				ENABLE_STRICT_OBJC_MSGSEND = YES;
				ENABLE_TESTABILITY = YES;
				GCC_C_LANGUAGE_STANDARD = gnu11;
				GCC_DYNAMIC_NO_PIC = NO;
				GCC_NO_COMMON_BLOCKS = YES;
				GCC_OPTIMIZATION_LEVEL = 0;
				GCC_PREPROCESSOR_DEFINITIONS = (
					"DEBUG=1",
					"$(inherited)",
				);
				GCC_WARN_64_TO_32_BIT_CONVERSION = YES;
				GCC_WARN_ABOUT_RETURN_TYPE = YES_ERROR;
				GCC_WARN_UNDECLARED_SELECTOR = YES;
				GCC_WARN_UNINITIALIZED_AUTOS = YES_AGGRESSIVE;
				GCC_WARN_UNUSED_FUNCTION = YES;
				GCC_WARN_UNUSED_VARIABLE = YES;
				IPHONEOS_DEPLOYMENT_TARGET = 13.2;
				MTL_ENABLE_DEBUG_INFO = INCLUDE_SOURCE;
				MTL_FAST_MATH = YES;
				ONLY_ACTIVE_ARCH = YES;
				SDKROOT = iphoneos;
				SWIFT_ACTIVE_COMPILATION_CONDITIONS = DEBUG;
				SWIFT_OPTIMIZATION_LEVEL = "-Onone";
			};
			name = Debug;
		};
		D906949E244478670022BE8E /* Release */ = {
			isa = XCBuildConfiguration;
			buildSettings = {
				ALWAYS_SEARCH_USER_PATHS = NO;
				CLANG_ANALYZER_NONNULL = YES;
				CLANG_ANALYZER_NUMBER_OBJECT_CONVERSION = YES_AGGRESSIVE;
				CLANG_CXX_LANGUAGE_STANDARD = "gnu++14";
				CLANG_CXX_LIBRARY = "libc++";
				CLANG_ENABLE_MODULES = YES;
				CLANG_ENABLE_OBJC_ARC = YES;
				CLANG_ENABLE_OBJC_WEAK = YES;
				CLANG_WARN_BLOCK_CAPTURE_AUTORELEASING = YES;
				CLANG_WARN_BOOL_CONVERSION = YES;
				CLANG_WARN_COMMA = YES;
				CLANG_WARN_CONSTANT_CONVERSION = YES;
				CLANG_WARN_DEPRECATED_OBJC_IMPLEMENTATIONS = YES;
				CLANG_WARN_DIRECT_OBJC_ISA_USAGE = YES_ERROR;
				CLANG_WARN_DOCUMENTATION_COMMENTS = YES;
				CLANG_WARN_EMPTY_BODY = YES;
				CLANG_WARN_ENUM_CONVERSION = YES;
				CLANG_WARN_INFINITE_RECURSION = YES;
				CLANG_WARN_INT_CONVERSION = YES;
				CLANG_WARN_NON_LITERAL_NULL_CONVERSION = YES;
				CLANG_WARN_OBJC_IMPLICIT_RETAIN_SELF = YES;
				CLANG_WARN_OBJC_LITERAL_CONVERSION = YES;
				CLANG_WARN_OBJC_ROOT_CLASS = YES_ERROR;
				CLANG_WARN_RANGE_LOOP_ANALYSIS = YES;
				CLANG_WARN_STRICT_PROTOTYPES = YES;
				CLANG_WARN_SUSPICIOUS_MOVE = YES;
				CLANG_WARN_UNGUARDED_AVAILABILITY = YES_AGGRESSIVE;
				CLANG_WARN_UNREACHABLE_CODE = YES;
				CLANG_WARN__DUPLICATE_METHOD_MATCH = YES;
				COPY_PHASE_STRIP = NO;
				DEBUG_INFORMATION_FORMAT = "dwarf-with-dsym";
				ENABLE_NS_ASSERTIONS = NO;
				ENABLE_STRICT_OBJC_MSGSEND = YES;
				GCC_C_LANGUAGE_STANDARD = gnu11;
				GCC_NO_COMMON_BLOCKS = YES;
				GCC_WARN_64_TO_32_BIT_CONVERSION = YES;
				GCC_WARN_ABOUT_RETURN_TYPE = YES_ERROR;
				GCC_WARN_UNDECLARED_SELECTOR = YES;
				GCC_WARN_UNINITIALIZED_AUTOS = YES_AGGRESSIVE;
				GCC_WARN_UNUSED_FUNCTION = YES;
				GCC_WARN_UNUSED_VARIABLE = YES;
				IPHONEOS_DEPLOYMENT_TARGET = 13.2;
				MTL_ENABLE_DEBUG_INFO = NO;
				MTL_FAST_MATH = YES;
				SDKROOT = iphoneos;
				SWIFT_COMPILATION_MODE = wholemodule;
				SWIFT_OPTIMIZATION_LEVEL = "-O";
				VALIDATE_PRODUCT = YES;
			};
			name = Release;
		};
		D90694A0244478670022BE8E /* Debug */ = {
			isa = XCBuildConfiguration;
			buildSettings = {
				ASSETCATALOG_COMPILER_APPICON_NAME = AppIcon;
				CODE_SIGN_STYLE = Automatic;
				DEVELOPMENT_TEAM = AYMCPRG445;
				INFOPLIST_FILE = PeliculaApp/Info.plist;
				LD_RUNPATH_SEARCH_PATHS = (
					"$(inherited)",
					"@executable_path/Frameworks",
				);
				PRODUCT_BUNDLE_IDENTIFIER = ru.Surf.PeliculaApp;
				PRODUCT_NAME = "$(TARGET_NAME)";
				SWIFT_VERSION = 5.0;
				TARGETED_DEVICE_FAMILY = "1,2";
			};
			name = Debug;
		};
		D90694A1244478670022BE8E /* Release */ = {
			isa = XCBuildConfiguration;
			buildSettings = {
				ASSETCATALOG_COMPILER_APPICON_NAME = AppIcon;
				CODE_SIGN_STYLE = Automatic;
				DEVELOPMENT_TEAM = AYMCPRG445;
				INFOPLIST_FILE = PeliculaApp/Info.plist;
				LD_RUNPATH_SEARCH_PATHS = (
					"$(inherited)",
					"@executable_path/Frameworks",
				);
				PRODUCT_BUNDLE_IDENTIFIER = ru.Surf.PeliculaApp;
				PRODUCT_NAME = "$(TARGET_NAME)";
				SWIFT_VERSION = 5.0;
				TARGETED_DEVICE_FAMILY = "1,2";
			};
			name = Release;
		};
/* End XCBuildConfiguration section */

/* Begin XCConfigurationList section */
		D9069486244478650022BE8E /* Build configuration list for PBXProject "PeliculaApp" */ = {
			isa = XCConfigurationList;
			buildConfigurations = (
				D906949D244478670022BE8E /* Debug */,
				D906949E244478670022BE8E /* Release */,
			);
			defaultConfigurationIsVisible = 0;
			defaultConfigurationName = Release;
		};
		D906949F244478670022BE8E /* Build configuration list for PBXNativeTarget "PeliculaApp" */ = {
			isa = XCConfigurationList;
			buildConfigurations = (
				D90694A0244478670022BE8E /* Debug */,
				D90694A1244478670022BE8E /* Release */,
			);
			defaultConfigurationIsVisible = 0;
			defaultConfigurationName = Release;
		};
/* End XCConfigurationList section */
	};
	rootObject = D9069483244478650022BE8E /* Project object */;
}
